// !$*UTF8*$!
{
	archiveVersion = 1;
	classes = {
	};
	objectVersion = 55;
	objects = {

/* Begin PBXBuildFile section */
		C4975C1A285DD3500003F1D6 /* AddressView.swift in Sources */ = {isa = PBXBuildFile; fileRef = C4975C19285DD3500003F1D6 /* AddressView.swift */; };
		C4975C1C285DD4AD0003F1D6 /* checkOutView.swift in Sources */ = {isa = PBXBuildFile; fileRef = C4975C1B285DD4AD0003F1D6 /* checkOutView.swift */; };
		C4D228D4285DA9F900F48332 /* Project_10_CupCake_CornerApp.swift in Sources */ = {isa = PBXBuildFile; fileRef = C4D228D3285DA9F900F48332 /* Project_10_CupCake_CornerApp.swift */; };
		C4D228D6285DA9F900F48332 /* ContentView.swift in Sources */ = {isa = PBXBuildFile; fileRef = C4D228D5285DA9F900F48332 /* ContentView.swift */; };
		C4D228D8285DA9F900F48332 /* Assets.xcassets in Resources */ = {isa = PBXBuildFile; fileRef = C4D228D7285DA9F900F48332 /* Assets.xcassets */; };
		C4D228DB285DA9F900F48332 /* Preview Assets.xcassets in Resources */ = {isa = PBXBuildFile; fileRef = C4D228DA285DA9F900F48332 /* Preview Assets.xcassets */; };
		C4D228E2285DC81300F48332 /* Order.swift in Sources */ = {isa = PBXBuildFile; fileRef = C4D228E1285DC81300F48332 /* Order.swift */; };
/* End PBXBuildFile section */

/* Begin PBXFileReference section */
		C4975C19285DD3500003F1D6 /* AddressView.swift */ = {isa = PBXFileReference; lastKnownFileType = sourcecode.swift; path = AddressView.swift; sourceTree = "<group>"; };
		C4975C1B285DD4AD0003F1D6 /* checkOutView.swift */ = {isa = PBXFileReference; lastKnownFileType = sourcecode.swift; path = checkOutView.swift; sourceTree = "<group>"; };
		C4D228D0285DA9F900F48332 /* Project_10_CupCake_Corner.app */ = {isa = PBXFileReference; explicitFileType = wrapper.application; includeInIndex = 0; path = Project_10_CupCake_Corner.app; sourceTree = BUILT_PRODUCTS_DIR; };
		C4D228D3285DA9F900F48332 /* Project_10_CupCake_CornerApp.swift */ = {isa = PBXFileReference; lastKnownFileType = sourcecode.swift; path = Project_10_CupCake_CornerApp.swift; sourceTree = "<group>"; };
		C4D228D5285DA9F900F48332 /* ContentView.swift */ = {isa = PBXFileReference; lastKnownFileType = sourcecode.swift; path = ContentView.swift; sourceTree = "<group>"; };
		C4D228D7285DA9F900F48332 /* Assets.xcassets */ = {isa = PBXFileReference; lastKnownFileType = folder.assetcatalog; path = Assets.xcassets; sourceTree = "<group>"; };
		C4D228DA285DA9F900F48332 /* Preview Assets.xcassets */ = {isa = PBXFileReference; lastKnownFileType = folder.assetcatalog; path = "Preview Assets.xcassets"; sourceTree = "<group>"; };
		C4D228E1285DC81300F48332 /* Order.swift */ = {isa = PBXFileReference; lastKnownFileType = sourcecode.swift; path = Order.swift; sourceTree = "<group>"; };
/* End PBXFileReference section */

/* Begin PBXFrameworksBuildPhase section */
		C4D228CD285DA9F900F48332 /* Frameworks */ = {
			isa = PBXFrameworksBuildPhase;
			buildActionMask = 2147483647;
			files = (
			);
			runOnlyForDeploymentPostprocessing = 0;
		};
/* End PBXFrameworksBuildPhase section */

/* Begin PBXGroup section */
		C4975C1D285DFB1B0003F1D6 /* Views */ = {
			isa = PBXGroup;
			children = (
				C4975C19285DD3500003F1D6 /* AddressView.swift */,
				C4D228D5285DA9F900F48332 /* ContentView.swift */,
				C4975C1B285DD4AD0003F1D6 /* checkOutView.swift */,
			);
			path = Views;
			sourceTree = "<group>";
		};
		C4975C1E285DFB2C0003F1D6 /* Model */ = {
			isa = PBXGroup;
			children = (
				C4D228E1285DC81300F48332 /* Order.swift */,
			);
			path = Model;
			sourceTree = "<group>";
		};
		C4D228C7285DA9F900F48332 = {
			isa = PBXGroup;
			children = (
				C4D228D2285DA9F900F48332 /* Project_10_CupCake_Corner */,
				C4D228D1285DA9F900F48332 /* Products */,
			);
			sourceTree = "<group>";
		};
		C4D228D1285DA9F900F48332 /* Products */ = {
			isa = PBXGroup;
			children = (
				C4D228D0285DA9F900F48332 /* Project_10_CupCake_Corner.app */,
			);
			name = Products;
			sourceTree = "<group>";
		};
		C4D228D2285DA9F900F48332 /* Project_10_CupCake_Corner */ = {
			isa = PBXGroup;
			children = (
				C4D228D3285DA9F900F48332 /* Project_10_CupCake_CornerApp.swift */,
				C4975C1D285DFB1B0003F1D6 /* Views */,
				C4975C1E285DFB2C0003F1D6 /* Model */,
				C4D228D7285DA9F900F48332 /* Assets.xcassets */,
				C4D228D9285DA9F900F48332 /* Preview Content */,
			);
			path = Project_10_CupCake_Corner;
			sourceTree = "<group>";
		};
		C4D228D9285DA9F900F48332 /* Preview Content */ = {
			isa = PBXGroup;
			children = (
				C4D228DA285DA9F900F48332 /* Preview Assets.xcassets */,
			);
			path = "Preview Content";
			sourceTree = "<group>";
		};
/* End PBXGroup section */

/* Begin PBXNativeTarget section */
		C4D228CF285DA9F900F48332 /* Project_10_CupCake_Corner */ = {
			isa = PBXNativeTarget;
			buildConfigurationList = C4D228DE285DA9F900F48332 /* Build configuration list for PBXNativeTarget "Project_10_CupCake_Corner" */;
			buildPhases = (
				C4D228CC285DA9F900F48332 /* Sources */,
				C4D228CD285DA9F900F48332 /* Frameworks */,
				C4D228CE285DA9F900F48332 /* Resources */,
			);
			buildRules = (
			);
			dependencies = (
			);
			name = Project_10_CupCake_Corner;
			productName = Project_10_CupCake_Corner;
			productReference = C4D228D0285DA9F900F48332 /* Project_10_CupCake_Corner.app */;
			productType = "com.apple.product-type.application";
		};
/* End PBXNativeTarget section */

/* Begin PBXProject section */
		C4D228C8285DA9F900F48332 /* Project object */ = {
			isa = PBXProject;
			attributes = {
				BuildIndependentTargetsInParallel = 1;
				LastSwiftUpdateCheck = 1340;
				LastUpgradeCheck = 1340;
				TargetAttributes = {
					C4D228CF285DA9F900F48332 = {
						CreatedOnToolsVersion = 13.4.1;
					};
				};
			};
			buildConfigurationList = C4D228CB285DA9F900F48332 /* Build configuration list for PBXProject "Project_10_CupCake_Corner" */;
			compatibilityVersion = "Xcode 13.0";
			developmentRegion = en;
			hasScannedForEncodings = 0;
			knownRegions = (
				en,
				Base,
			);
			mainGroup = C4D228C7285DA9F900F48332;
			productRefGroup = C4D228D1285DA9F900F48332 /* Products */;
			projectDirPath = "";
			projectRoot = "";
			targets = (
				C4D228CF285DA9F900F48332 /* Project_10_CupCake_Corner */,
			);
		};
/* End PBXProject section */

/* Begin PBXResourcesBuildPhase section */
		C4D228CE285DA9F900F48332 /* Resources */ = {
			isa = PBXResourcesBuildPhase;
			buildActionMask = 2147483647;
			files = (
				C4D228DB285DA9F900F48332 /* Preview Assets.xcassets in Resources */,
				C4D228D8285DA9F900F48332 /* Assets.xcassets in Resources */,
			);
			runOnlyForDeploymentPostprocessing = 0;
		};
/* End PBXResourcesBuildPhase section */

/* Begin PBXSourcesBuildPhase section */
		C4D228CC285DA9F900F48332 /* Sources */ = {
			isa = PBXSourcesBuildPhase;
			buildActionMask = 2147483647;
			files = (
				C4D228E2285DC81300F48332 /* Order.swift in Sources */,
				C4975C1C285DD4AD0003F1D6 /* checkOutView.swift in Sources */,
				C4D228D6285DA9F900F48332 /* ContentView.swift in Sources */,
				C4975C1A285DD3500003F1D6 /* AddressView.swift in Sources */,
				C4D228D4285DA9F900F48332 /* Project_10_CupCake_CornerApp.swift in Sources */,
			);
			runOnlyForDeploymentPostprocessing = 0;
		};
/* End PBXSourcesBuildPhase section */

/* Begin XCBuildConfiguration section */
		C4D228DC285DA9F900F48332 /* Debug */ = {
			isa = XCBuildConfiguration;
			buildSettings = {
				ALWAYS_SEARCH_USER_PATHS = NO;
				CLANG_ANALYZER_NONNULL = YES;
				CLANG_ANALYZER_NUMBER_OBJECT_CONVERSION = YES_AGGRESSIVE;
				CLANG_CXX_LANGUAGE_STANDARD = "gnu++17";
				CLANG_ENABLE_MODULES = YES;
				CLANG_ENABLE_OBJC_ARC = YES;
				CLANG_ENABLE_OBJC_WEAK = YES;
				CLANG_WARN_BLOCK_CAPTURE_AUTORELEASING = YES;
				CLANG_WARN_BOOL_CONVERSION = YES;
				CLANG_WARN_COMMA = YES;
				CLANG_WARN_CONSTANT_CONVERSION = YES;
				CLANG_WARN_DEPRECATED_OBJC_IMPLEMENTATIONS = YES;
				CLANG_WARN_DIRECT_OBJC_ISA_USAGE = YES_ERROR;
				CLANG_WARN_DOCUMENTATION_COMMENTS = YES;
				CLANG_WARN_EMPTY_BODY = YES;
				CLANG_WARN_ENUM_CONVERSION = YES;
				CLANG_WARN_INFINITE_RECURSION = YES;
				CLANG_WARN_INT_CONVERSION = YES;
				CLANG_WARN_NON_LITERAL_NULL_CONVERSION = YES;
				CLANG_WARN_OBJC_IMPLICIT_RETAIN_SELF = YES;
				CLANG_WARN_OBJC_LITERAL_CONVERSION = YES;
				CLANG_WARN_OBJC_ROOT_CLASS = YES_ERROR;
				CLANG_WARN_QUOTED_INCLUDE_IN_FRAMEWORK_HEADER = YES;
				CLANG_WARN_RANGE_LOOP_ANALYSIS = YES;
				CLANG_WARN_STRICT_PROTOTYPES = YES;
				CLANG_WARN_SUSPICIOUS_MOVE = YES;
				CLANG_WARN_UNGUARDED_AVAILABILITY = YES_AGGRESSIVE;
				CLANG_WARN_UNREACHABLE_CODE = YES;
				CLANG_WARN__DUPLICATE_METHOD_MATCH = YES;
				COPY_PHASE_STRIP = NO;
				DEBUG_INFORMATION_FORMAT = dwarf;
				ENABLE_STRICT_OBJC_MSGSEND = YES;
				ENABLE_TESTABILITY = YES;
				GCC_C_LANGUAGE_STANDARD = gnu11;
				GCC_DYNAMIC_NO_PIC = NO;
				GCC_NO_COMMON_BLOCKS = YES;
				GCC_OPTIMIZATION_LEVEL = 0;
				GCC_PREPROCESSOR_DEFINITIONS = (
					"DEBUG=1",
					"$(inherited)",
				);
				GCC_WARN_64_TO_32_BIT_CONVERSION = YES;
				GCC_WARN_ABOUT_RETURN_TYPE = YES_ERROR;
				GCC_WARN_UNDECLARED_SELECTOR = YES;
				GCC_WARN_UNINITIALIZED_AUTOS = YES_AGGRESSIVE;
				GCC_WARN_UNUSED_FUNCTION = YES;
				GCC_WARN_UNUSED_VARIABLE = YES;
				IPHONEOS_DEPLOYMENT_TARGET = 15.5;
				MTL_ENABLE_DEBUG_INFO = INCLUDE_SOURCE;
				MTL_FAST_MATH = YES;
				ONLY_ACTIVE_ARCH = YES;
				SDKROOT = iphoneos;
				SWIFT_ACTIVE_COMPILATION_CONDITIONS = DEBUG;
				SWIFT_OPTIMIZATION_LEVEL = "-Onone";
			};
			name = Debug;
		};
		C4D228DD285DA9F900F48332 /* Release */ = {
			isa = XCBuildConfiguration;
			buildSettings = {
				ALWAYS_SEARCH_USER_PATHS = NO;
				CLANG_ANALYZER_NONNULL = YES;
				CLANG_ANALYZER_NUMBER_OBJECT_CONVERSION = YES_AGGRESSIVE;
				CLANG_CXX_LANGUAGE_STANDARD = "gnu++17";
				CLANG_ENABLE_MODULES = YES;
				CLANG_ENABLE_OBJC_ARC = YES;
				CLANG_ENABLE_OBJC_WEAK = YES;
				CLANG_WARN_BLOCK_CAPTURE_AUTORELEASING = YES;
				CLANG_WARN_BOOL_CONVERSION = YES;
				CLANG_WARN_COMMA = YES;
				CLANG_WARN_CONSTANT_CONVERSION = YES;
				CLANG_WARN_DEPRECATED_OBJC_IMPLEMENTATIONS = YES;
				CLANG_WARN_DIRECT_OBJC_ISA_USAGE = YES_ERROR;
				CLANG_WARN_DOCUMENTATION_COMMENTS = YES;
				CLANG_WARN_EMPTY_BODY = YES;
				CLANG_WARN_ENUM_CONVERSION = YES;
				CLANG_WARN_INFINITE_RECURSION = YES;
				CLANG_WARN_INT_CONVERSION = YES;
				CLANG_WARN_NON_LITERAL_NULL_CONVERSION = YES;
				CLANG_WARN_OBJC_IMPLICIT_RETAIN_SELF = YES;
				CLANG_WARN_OBJC_LITERAL_CONVERSION = YES;
				CLANG_WARN_OBJC_ROOT_CLASS = YES_ERROR;
				CLANG_WARN_QUOTED_INCLUDE_IN_FRAMEWORK_HEADER = YES;
				CLANG_WARN_RANGE_LOOP_ANALYSIS = YES;
				CLANG_WARN_STRICT_PROTOTYPES = YES;
				CLANG_WARN_SUSPICIOUS_MOVE = YES;
				CLANG_WARN_UNGUARDED_AVAILABILITY = YES_AGGRESSIVE;
				CLANG_WARN_UNREACHABLE_CODE = YES;
				CLANG_WARN__DUPLICATE_METHOD_MATCH = YES;
				COPY_PHASE_STRIP = NO;
				DEBUG_INFORMATION_FORMAT = "dwarf-with-dsym";
				ENABLE_NS_ASSERTIONS = NO;
				ENABLE_STRICT_OBJC_MSGSEND = YES;
				GCC_C_LANGUAGE_STANDARD = gnu11;
				GCC_NO_COMMON_BLOCKS = YES;
				GCC_WARN_64_TO_32_BIT_CONVERSION = YES;
				GCC_WARN_ABOUT_RETURN_TYPE = YES_ERROR;
				GCC_WARN_UNDECLARED_SELECTOR = YES;
				GCC_WARN_UNINITIALIZED_AUTOS = YES_AGGRESSIVE;
				GCC_WARN_UNUSED_FUNCTION = YES;
				GCC_WARN_UNUSED_VARIABLE = YES;
				IPHONEOS_DEPLOYMENT_TARGET = 15.5;
				MTL_ENABLE_DEBUG_INFO = NO;
				MTL_FAST_MATH = YES;
				SDKROOT = iphoneos;
				SWIFT_COMPILATION_MODE = wholemodule;
				SWIFT_OPTIMIZATION_LEVEL = "-O";
				VALIDATE_PRODUCT = YES;
			};
			name = Release;
		};
		C4D228DF285DA9F900F48332 /* Debug */ = {
			isa = XCBuildConfiguration;
			buildSettings = {
				ASSETCATALOG_COMPILER_APPICON_NAME = AppIcon;
				ASSETCATALOG_COMPILER_GLOBAL_ACCENT_COLOR_NAME = AccentColor;
				CODE_SIGN_STYLE = Automatic;
				CURRENT_PROJECT_VERSION = 1;
				DEVELOPMENT_ASSET_PATHS = "\"Project_10_CupCake_Corner/Preview Content\"";
				DEVELOPMENT_TEAM = 22722YD6G7;
				ENABLE_PREVIEWS = YES;
				GENERATE_INFOPLIST_FILE = YES;
				INFOPLIST_KEY_UIApplicationSceneManifest_Generation = YES;
				INFOPLIST_KEY_UIApplicationSupportsIndirectInputEvents = YES;
				INFOPLIST_KEY_UILaunchScreen_Generation = YES;
				INFOPLIST_KEY_UISupportedInterfaceOrientations_iPad = "UIInterfaceOrientationPortrait UIInterfaceOrientationPortraitUpsideDown UIInterfaceOrientationLandscapeLeft UIInterfaceOrientationLandscapeRight";
				INFOPLIST_KEY_UISupportedInterfaceOrientations_iPhone = "UIInterfaceOrientationPortrait UIInterfaceOrientationLandscapeLeft UIInterfaceOrientationLandscapeRight";
				LD_RUNPATH_SEARCH_PATHS = (
					"$(inherited)",
					"@executable_path/Frameworks",
				);
				MARKETING_VERSION = 1.0;
				PRODUCT_BUNDLE_IDENTIFIER = "co.KARAN-CHINUU.Project-10-CupCake-Corner";
				PRODUCT_NAME = "$(TARGET_NAME)";
				SWIFT_EMIT_LOC_STRINGS = YES;
				SWIFT_VERSION = 5.0;
				TARGETED_DEVICE_FAMILY = "1,2";
			};
			name = Debug;
		};
		C4D228E0285DA9F900F48332 /* Release */ = {
			isa = XCBuildConfiguration;
			buildSettings = {
				ASSETCATALOG_COMPILER_APPICON_NAME = AppIcon;
				ASSETCATALOG_COMPILER_GLOBAL_ACCENT_COLOR_NAME = AccentColor;
				CODE_SIGN_STYLE = Automatic;
				CURRENT_PROJECT_VERSION = 1;
				DEVELOPMENT_ASSET_PATHS = "\"Project_10_CupCake_Corner/Preview Content\"";
				DEVELOPMENT_TEAM = 22722YD6G7;
				ENABLE_PREVIEWS = YES;
				GENERATE_INFOPLIST_FILE = YES;
				INFOPLIST_KEY_UIApplicationSceneManifest_Generation = YES;
				INFOPLIST_KEY_UIApplicationSupportsIndirectInputEvents = YES;
				INFOPLIST_KEY_UILaunchScreen_Generation = YES;
				INFOPLIST_KEY_UISupportedInterfaceOrientations_iPad = "UIInterfaceOrientationPortrait UIInterfaceOrientationPortraitUpsideDown UIInterfaceOrientationLandscapeLeft UIInterfaceOrientationLandscapeRight";
				INFOPLIST_KEY_UISupportedInterfaceOrientations_iPhone = "UIInterfaceOrientationPortrait UIInterfaceOrientationLandscapeLeft UIInterfaceOrientationLandscapeRight";
				LD_RUNPATH_SEARCH_PATHS = (
					"$(inherited)",
					"@executable_path/Frameworks",
				);
				MARKETING_VERSION = 1.0;
				PRODUCT_BUNDLE_IDENTIFIER = "co.KARAN-CHINUU.Project-10-CupCake-Corner";
				PRODUCT_NAME = "$(TARGET_NAME)";
				SWIFT_EMIT_LOC_STRINGS = YES;
				SWIFT_VERSION = 5.0;
				TARGETED_DEVICE_FAMILY = "1,2";
			};
			name = Release;
		};
/* End XCBuildConfiguration section */

/* Begin XCConfigurationList section */
		C4D228CB285DA9F900F48332 /* Build configuration list for PBXProject "Project_10_CupCake_Corner" */ = {
			isa = XCConfigurationList;
			buildConfigurations = (
				C4D228DC285DA9F900F48332 /* Debug */,
				C4D228DD285DA9F900F48332 /* Release */,
			);
			defaultConfigurationIsVisible = 0;
			defaultConfigurationName = Release;
		};
		C4D228DE285DA9F900F48332 /* Build configuration list for PBXNativeTarget "Project_10_CupCake_Corner" */ = {
			isa = XCConfigurationList;
			buildConfigurations = (
				C4D228DF285DA9F900F48332 /* Debug */,
				C4D228E0285DA9F900F48332 /* Release */,
			);
			defaultConfigurationIsVisible = 0;
			defaultConfigurationName = Release;
		};
/* End XCConfigurationList section */
	};
	rootObject = C4D228C8285DA9F900F48332 /* Project object */;
}
